- dialog [ref=f118e298]:
  - generic [ref=f118e299]:
    - generic [ref=f118e300]:
      - heading "Add component to BOM" [level=2] [ref=f118e301]
      - paragraph [ref=f118e302]: Search the material master and set quantity / scrap
    - button "Close" [ref=f118e303] [cursor=pointer]: ✕
  - generic [ref=f118e304]:
    - textbox "Search by code or name (RM-, PM-, WIP-…)" [ref=f118e305]
    - listbox "Add component to BOM" [ref=f118e306]:
      - option "Box-001 box packaging" [ref=f118e307]:
        - generic [ref=f118e308]: Box-001
        - generic [ref=f118e309]: box
        - generic [ref=f118e310]: packaging
      - option "E2E-CRUD-0712 E2E CRUD material edited rm" [ref=f118e311]:
        - generic [ref=f118e312]: E2E-CRUD-0712
        - generic [ref=f118e313]: E2E CRUD material edited
        - generic [ref=f118e314]: rm
      - option "flower2 flower 2 rm" [ref=f118e315]:
        - generic [ref=f118e316]: flower2
        - generic [ref=f118e317]: flower 2
        - generic [ref=f118e318]: rm
      - option "ING-FLOUR Wheat Flour rm" [ref=f118e319]:
        - generic [ref=f118e320]: ING-FLOUR
        - generic [ref=f118e321]: Wheat Flour
        - generic [ref=f118e322]: rm
      - option "ING-SUGAR Caster Sugar ingredient" [ref=f118e323]:
        - generic [ref=f118e324]: ING-SUGAR
        - generic [ref=f118e325]: Caster Sugar
        - generic [ref=f118e326]: ingredient
      - option "LAB-001 label packaging" [ref=f118e327]:
        - generic [ref=f118e328]: LAB-001
        - generic [ref=f118e329]: label
        - generic [ref=f118e330]: packaging
      - option "NIGHT-R03-0806-RM NIGHT-R03 Raw Material 0806 Edited rm" [ref=f118e331]:
        - generic [ref=f118e332]: NIGHT-R03-0806-RM
        - generic [ref=f118e333]: NIGHT-R03 Raw Material 0806 Edited
        - generic [ref=f118e334]: rm
      - option "PM-BOX Cardboard Box packaging" [selected] [ref=f118e335]:
        - generic [ref=f118e336]: PM-BOX
        - generic [ref=f118e337]: Cardboard Box
        - generic [ref=f118e338]: packaging
      - option "R04-RM-233633 CODEX-R04-20260713233633 Raw Material EDITED rm" [ref=f118e339]:
        - generic [ref=f118e340]: R04-RM-233633
        - generic [ref=f118e341]: CODEX-R04-20260713233633 Raw Material EDITED
        - generic [ref=f118e342]: rm
      - option "RM-BUTTER Butter rm" [ref=f118e343]:
        - generic [ref=f118e344]: RM-BUTTER
        - generic [ref=f118e345]: Butter
        - generic [ref=f118e346]: rm
      - option "SOL-R08-20260715-1048-RM SOL-R08 20260715 1048 Raw Material rm" [ref=f118e347]:
        - generic [ref=f118e348]: SOL-R08-20260715-1048-RM
        - generic [ref=f118e349]: SOL-R08 20260715 1048 Raw Material
        - generic [ref=f118e350]: rm
      - option "SOL-R08-20260715-1048-WIP SOL-R08 20260715 1048 Intermediate intermediate" [ref=f118e351]:
        - generic [ref=f118e352]: SOL-R08-20260715-1048-WIP
        - generic [ref=f118e353]: SOL-R08 20260715 1048 Intermediate
        - generic [ref=f118e354]: intermediate
      - option "SOL-R10-20260715-1657-RM SOL-R10 20260715 1657 MRP Material rm" [ref=f118e355]:
        - generic [ref=f118e356]: SOL-R10-20260715-1657-RM
        - generic [ref=f118e357]: SOL-R10 20260715 1657 MRP Material
        - generic [ref=f118e358]: rm
      - option "WIP-20260707-0004 Mixing intermediate" [ref=f118e359]:
        - generic [ref=f118e360]: WIP-20260707-0004
        - generic [ref=f118e361]: Mixing
        - generic [ref=f118e362]: intermediate
      - option "WIP-20260707-0005 Shortbread Dough intermediate" [ref=f118e363]:
        - generic [ref=f118e364]: WIP-20260707-0005
        - generic [ref=f118e365]: Shortbread Dough
        - generic [ref=f118e366]: intermediate
      - option "WIP-20260707-0006 FG0014 Dough Stage intermediate" [ref=f118e367]:
        - generic [ref=f118e368]: WIP-20260707-0006
        - generic [ref=f118e369]: FG0014 Dough Stage
        - generic [ref=f118e370]: intermediate
      - option "WIP-20260707-0007 Smoking intermediate" [ref=f118e371]:
        - generic [ref=f118e372]: WIP-20260707-0007
        - generic [ref=f118e373]: Smoking
        - generic [ref=f118e374]: intermediate
      - option "WIP-20260708-0008 Mixing intermediate" [ref=f118e375]:
        - generic [ref=f118e376]: WIP-20260708-0008
        - generic [ref=f118e377]: Mixing
        - generic [ref=f118e378]: intermediate
      - option "WIP-20260708-0009 BAKE intermediate" [ref=f118e379]:
        - generic [ref=f118e380]: WIP-20260708-0009
        - generic [ref=f118e381]: BAKE
        - generic [ref=f118e382]: intermediate
      - option "WIP-20260714-0010 Mixing intermediate" [ref=f118e383]:
        - generic [ref=f118e384]: WIP-20260714-0010
        - generic [ref=f118e385]: Mixing
        - generic [ref=f118e386]: intermediate
    - generic [ref=f118e390]:
      - status [ref=f118e391]: Component is usable.
      - generic [ref=f118e392]:
        - generic [ref=f118e393]:
          - generic [ref=f118e394]: Quantity (pcs per 1 pack)*
          - spinbutton "Quantity" [ref=f118e395]: "1.2345"
        - generic [ref=f118e396]:
          - generic [ref=f118e397]: Scrap %
          - spinbutton "Scrap %" [ref=f118e398]: "0"
      - generic [ref=f118e399]:
        - generic [ref=f118e400]: Manufacturing operation*
        - combobox "Manufacturing operation" [ref=f118e402] [cursor=pointer]:
          - generic [ref=f118e417]: Packing
          - generic [ref=f118e403]: ⌄
    - alert [ref=f118e418]:
      - generic [ref=f118e419]: BOM version is archived and cannot be saved as a new draft version
  - generic [ref=f118e387]:
    - button "Cancel" [ref=f118e388] [cursor=pointer]
    - button "Add component" [ref=f118e389] [cursor=pointer]